
Microsoft Visual Studio Solution File, Format Version 12.00
# Visual Studio Version 17
VisualStudioVersion = 17.8.34408.163
MinimumVisualStudioVersion = 10.0.40219.1
Project("{C9674DCB-5085-4A16-B785-4C70DD1589BD}") = "car sales analysis", "car sales analysis.dtproj", "{2543504B-569A-46D9-A636-6F8AC42683B3}"
EndProject
Global
	GlobalSection(SolutionConfigurationPlatforms) = preSolution
		Development|Default = Development|Default
	EndGlobalSection
	GlobalSection(ProjectConfigurationPlatforms) = postSolution
		{2543504B-569A-46D9-A636-6F8AC42683B3}.Development|Default.ActiveCfg = Development
		{2543504B-569A-46D9-A636-6F8AC42683B3}.Development|Default.Build.0 = Development
	EndGlobalSection
	GlobalSection(SolutionProperties) = preSolution
		HideSolutionNode = FALSE
	EndGlobalSection
	GlobalSection(ExtensibilityGlobals) = postSolution
		SolutionGuid = {1D9E45DE-8B6E-4DC9-A368-7F1B20130176}
	EndGlobalSection
EndGlobal
